
Microsoft Visual Studio Solution File, Format Version 12.00
# Visual Studio Version 16
VisualStudioVersion = 16.0.31729.503
MinimumVisualStudioVersion = 10.0.40219.1
Project("{FAE04EC0-301F-11D3-BF4B-00C04F79EFBC}") = "Melissa_Scott_9189_FA2_IPG521", "Melissa_Scott_9189_FA2_IPG521.csproj", "{59DBFE58-896D-44C7-AAA0-C46BC8FB09C0}"
EndProject
Global
	GlobalSection(SolutionConfigurationPlatforms) = preSolution
		Debug|Any CPU = Debug|Any CPU
		Release|Any CPU = Release|Any CPU
	EndGlobalSection
	GlobalSection(ProjectConfigurationPlatforms) = postSolution
		{59DBFE58-896D-44C7-AAA0-C46BC8FB09C0}.Debug|Any CPU.ActiveCfg = Debug|Any CPU
		{59DBFE58-896D-44C7-AAA0-C46BC8FB09C0}.Debug|Any CPU.Build.0 = Debug|Any CPU
		{59DBFE58-896D-44C7-AAA0-C46BC8FB09C0}.Release|Any CPU.ActiveCfg = Release|Any CPU
		{59DBFE58-896D-44C7-AAA0-C46BC8FB09C0}.Release|Any CPU.Build.0 = Release|Any CPU
	EndGlobalSection
	GlobalSection(SolutionProperties) = preSolution
		HideSolutionNode = FALSE
	EndGlobalSection
	GlobalSection(ExtensibilityGlobals) = postSolution
		SolutionGuid = {DD1116BE-C7FD-4A3B-8C2D-CB895BFAF2A6}
	EndGlobalSection
EndGlobal
